Microsoft Visual Studio Solution File, Format Version 12.00
# Visual Studio Version 17
VisualStudioVersion = 17.10.34607.79
MinimumVisualStudioVersion = 10.0.40219.1
Project("{9A19103F-16F7-4668-BE54-9A1E7A4F7556}") = "Rogue", "Rogue.csproj", "{F3A56BA1-AA0B-413E-A5C8-5B992CAD3198}"
EndProject
Project("{9A19103F-16F7-4668-BE54-9A1E7A4F7556}") = "TurboMapReader", "..\TurboMapReader\TurboMapReader.csproj", "{94FA6AEF-B1A1-47FB-B12E-1E250E44B3E9}"
EndProject
Project("{9A19103F-16F7-4668-BE54-9A1E7A4F7556}") = "RayGuiCreator", "..\RayGuiCreator\RayGuiCreator\RayGuiCreator.csproj", "{9EF8384A-A615-4E75-921C-FFAC8941E852}"
EndProject
Global
	GlobalSection(SolutionConfigurationPlatforms) = preSolution
		Debug|Any CPU = Debug|Any CPU
		Release|Any CPU = Release|Any CPU
	EndGlobalSection
	GlobalSection(ProjectConfigurationPlatforms) = postSolution
		{F3A56BA1-AA0B-413E-A5C8-5B992CAD3198}.Debug|Any CPU.ActiveCfg = Debug|Any CPU
		{F3A56BA1-AA0B-413E-A5C8-5B992CAD3198}.Debug|Any CPU.Build.0 = Debug|Any CPU
		{F3A56BA1-AA0B-413E-A5C8-5B992CAD3198}.Release|Any CPU.ActiveCfg = Release|Any CPU
		{F3A56BA1-AA0B-413E-A5C8-5B992CAD3198}.Release|Any CPU.Build.0 = Release|Any CPU
		{94FA6AEF-B1A1-47FB-B12E-1E250E44B3E9}.Debug|Any CPU.ActiveCfg = Debug|Any CPU
		{94FA6AEF-B1A1-47FB-B12E-1E250E44B3E9}.Debug|Any CPU.Build.0 = Debug|Any CPU
		{94FA6AEF-B1A1-47FB-B12E-1E250E44B3E9}.Release|Any CPU.ActiveCfg = Release|Any CPU
		{94FA6AEF-B1A1-47FB-B12E-1E250E44B3E9}.Release|Any CPU.Build.0 = Release|Any CPU
		{9EF8384A-A615-4E75-921C-FFAC8941E852}.Debug|Any CPU.ActiveCfg = Debug|Any CPU
		{9EF8384A-A615-4E75-921C-FFAC8941E852}.Debug|Any CPU.Build.0 = Debug|Any CPU
		{9EF8384A-A615-4E75-921C-FFAC8941E852}.Release|Any CPU.ActiveCfg = Release|Any CPU
		{9EF8384A-A615-4E75-921C-FFAC8941E852}.Release|Any CPU.Build.0 = Release|Any CPU
	EndGlobalSection
	GlobalSection(SolutionProperties) = preSolution
		HideSolutionNode = FALSE
	EndGlobalSection
	GlobalSection(ExtensibilityGlobals) = postSolution
		SolutionGuid = {DAD6DB25-0285-4B89-87E2-C6DAA691E95C}
	EndGlobalSection
EndGlobal
